
Microsoft Visual Studio Solution File, Format Version 12.00
Project("{FAE04EC0-301F-11D3-BF4B-00C04F79EFBC}") = "PaginationSample", "PaginationSample\PaginationSample.csproj", "{EC652B0F-5661-4F63-ADA7-DBEC1D20740E}"
EndProject
Global
	GlobalSection(SolutionConfigurationPlatforms) = preSolution
		Debug|Any CPU = Debug|Any CPU
		Release|Any CPU = Release|Any CPU
	EndGlobalSection
	GlobalSection(ProjectConfigurationPlatforms) = postSolution
		{EC652B0F-5661-4F63-ADA7-DBEC1D20740E}.Debug|Any CPU.ActiveCfg = Debug|Any CPU
		{EC652B0F-5661-4F63-ADA7-DBEC1D20740E}.Debug|Any CPU.Build.0 = Debug|Any CPU
		{EC652B0F-5661-4F63-ADA7-DBEC1D20740E}.Release|Any CPU.ActiveCfg = Release|Any CPU
		{EC652B0F-5661-4F63-ADA7-DBEC1D20740E}.Release|Any CPU.Build.0 = Release|Any CPU
	EndGlobalSection
EndGlobal
